
Microsoft Visual Studio Solution File, Format Version 12.00
# Visual Studio Version 16
VisualStudioVersion = 16.0.30128.74
MinimumVisualStudioVersion = 10.0.40219.1
Project("{FAE04EC0-301F-11D3-BF4B-00C04F79EFBC}") = "AgileTicketWebApp", "AgileTicketWebApp\AgileTicketWebApp.csproj", "{4566B415-7331-405D-B26C-967027212655}"
EndProject
Global
	GlobalSection(SolutionConfigurationPlatforms) = preSolution
		Debug|Any CPU = Debug|Any CPU
		Release|Any CPU = Release|Any CPU
	EndGlobalSection
	GlobalSection(ProjectConfigurationPlatforms) = postSolution
		{4566B415-7331-405D-B26C-967027212655}.Debug|Any CPU.ActiveCfg = Debug|Any CPU
		{4566B415-7331-405D-B26C-967027212655}.Debug|Any CPU.Build.0 = Debug|Any CPU
		{4566B415-7331-405D-B26C-967027212655}.Release|Any CPU.ActiveCfg = Release|Any CPU
		{4566B415-7331-405D-B26C-967027212655}.Release|Any CPU.Build.0 = Release|Any CPU
	EndGlobalSection
	GlobalSection(SolutionProperties) = preSolution
		HideSolutionNode = FALSE
	EndGlobalSection
	GlobalSection(ExtensibilityGlobals) = postSolution
		SolutionGuid = {7FBE15FD-C672-4683-A138-E7001EE0C957}
	EndGlobalSection
EndGlobal
