
Microsoft Visual Studio Solution File, Format Version 12.00
# Visual Studio Version 16
VisualStudioVersion = 16.0.30128.74
MinimumVisualStudioVersion = 10.0.40219.1
Project("{FAE04EC0-301F-11D3-BF4B-00C04F79EFBC}") = "AgileTicketSystem", "AgileTicketSystem\AgileTicketSystem.csproj", "{9125A3D5-71FE-4212-A64F-E9A6F361D876}"
EndProject
Global
	GlobalSection(SolutionConfigurationPlatforms) = preSolution
		Debug|Any CPU = Debug|Any CPU
		Release|Any CPU = Release|Any CPU
	EndGlobalSection
	GlobalSection(ProjectConfigurationPlatforms) = postSolution
		{9125A3D5-71FE-4212-A64F-E9A6F361D876}.Debug|Any CPU.ActiveCfg = Debug|Any CPU
		{9125A3D5-71FE-4212-A64F-E9A6F361D876}.Debug|Any CPU.Build.0 = Debug|Any CPU
		{9125A3D5-71FE-4212-A64F-E9A6F361D876}.Release|Any CPU.ActiveCfg = Release|Any CPU
		{9125A3D5-71FE-4212-A64F-E9A6F361D876}.Release|Any CPU.Build.0 = Release|Any CPU
	EndGlobalSection
	GlobalSection(SolutionProperties) = preSolution
		HideSolutionNode = FALSE
	EndGlobalSection
	GlobalSection(ExtensibilityGlobals) = postSolution
		SolutionGuid = {C2369636-20D7-460F-B1CF-4AD5C025EF1B}
	EndGlobalSection
EndGlobal
